{
  "lockfileVersion": 1,
  "configVersion": 1,
  "workspaces": {
    "": {
      "name": "grain-cli",
      "dependencies": {
        "@atproto/api": "^0.19.9",
        "@atproto/oauth-client-node": "^0.3.17",
        "exifr": "^7.1.3",
        "image-size": "^1.1.1",
        "sharp": "^0.34.5",
      },
      "devDependencies": {
        "@types/bun": "latest",
        "typescript": "^5.6.3",
      },
    },
  },
  "packages": {
    "@atproto-labs/did-resolver": ["@atproto-labs/did-resolver@0.2.6", "", { "dependencies": { "@atproto-labs/fetch": "0.2.3", "@atproto-labs/pipe": "0.1.1", "@atproto-labs/simple-store": "0.3.0", "@atproto-labs/simple-store-memory": "0.1.4", "@atproto/did": "0.3.0", "zod": "^3.23.8" } }, "sha512-2K1bC04nI2fmgNcvof+yA28IhGlpWn2JKYlPa7To9JTKI45FINCGkQSGiL2nyXlyzDJJ34fZ1aq6/IRFIOIiqg=="],

    "@atproto-labs/fetch": ["@atproto-labs/fetch@0.2.3", "", { "dependencies": { "@atproto-labs/pipe": "0.1.1" } }, "sha512-NZtbJOCbxKUFRFKMpamT38PUQMY0hX0p7TG5AEYOPhZKZEP7dHZ1K2s1aB8MdVH0qxmqX7nQleNrrvLf09Zfdw=="],

    "@atproto-labs/fetch-node": ["@atproto-labs/fetch-node@0.2.0", "", { "dependencies": { "@atproto-labs/fetch": "0.2.3", "@atproto-labs/pipe": "0.1.1", "ipaddr.js": "^2.1.0", "undici": "^6.14.1" } }, "sha512-Krq09nH/aeoiU2s9xdHA0FjTEFWG9B5FFenipv1iRixCcPc7V3DhTNDawxG9gI8Ny0k4dBVS9WTRN/IDzBx86Q=="],

    "@atproto-labs/handle-resolver": ["@atproto-labs/handle-resolver@0.3.6", "", { "dependencies": { "@atproto-labs/simple-store": "0.3.0", "@atproto-labs/simple-store-memory": "0.1.4", "@atproto/did": "0.3.0", "zod": "^3.23.8" } }, "sha512-qnSTXvOBNj1EHhp2qTWSX8MS5q3AwYU5LKlt5fBvSbCjgmTr2j0URHCv+ydrwO55KvsojIkTMgeMOh4YuY4fCA=="],

    "@atproto-labs/handle-resolver-node": ["@atproto-labs/handle-resolver-node@0.1.25", "", { "dependencies": { "@atproto-labs/fetch-node": "0.2.0", "@atproto-labs/handle-resolver": "0.3.6", "@atproto/did": "0.3.0" } }, "sha512-NY9WYM2VLd3IuMGRkkmvGBg8xqVEaK/fitv1vD8SMXqFTekdpjOLCCyv7EFtqVHouzmDcL83VOvWRfHVa8V9Yw=="],

    "@atproto-labs/identity-resolver": ["@atproto-labs/identity-resolver@0.3.6", "", { "dependencies": { "@atproto-labs/did-resolver": "0.2.6", "@atproto-labs/handle-resolver": "0.3.6" } }, "sha512-qoWqBDRobln0NR8L8dQjSp79E0chGkBhibEgxQa2f9WD+JbJdjQ0YvwwO5yeQn05pJoJmAwmI2wyJ45zjU7aWg=="],

    "@atproto-labs/pipe": ["@atproto-labs/pipe@0.1.1", "", {}, "sha512-hdNw2oUs2B6BN1lp+32pF7cp8EMKuIN5Qok2Vvv/aOpG/3tNSJ9YkvfI0k6Zd188LeDDYRUpYpxcoFIcGH/FNg=="],

    "@atproto-labs/simple-store": ["@atproto-labs/simple-store@0.3.0", "", {}, "sha512-nOb6ONKBRJHRlukW1sVawUkBqReLlLx6hT35VS3imaNPwiXDxLnTK7lxw3Lrl9k5yugSBDQAkZAq3MPTEFSUBQ=="],

    "@atproto-labs/simple-store-memory": ["@atproto-labs/simple-store-memory@0.1.4", "", { "dependencies": { "@atproto-labs/simple-store": "0.3.0", "lru-cache": "^10.2.0" } }, "sha512-3mKY4dP8I7yKPFj9VKpYyCRzGJOi5CEpOLPlRhoJyLmgs3J4RzDrjn323Oakjz2Aj2JzRU/AIvWRAZVhpYNJHw=="],

    "@atproto/api": ["@atproto/api@0.19.9", "", { "dependencies": { "@atproto/common-web": "^0.4.21", "@atproto/lexicon": "^0.6.2", "@atproto/syntax": "^0.5.4", "@atproto/xrpc": "^0.7.7", "await-lock": "^2.2.2", "multiformats": "^9.9.0", "tlds": "^1.234.0", "zod": "^3.23.8" } }, "sha512-+sUYNuiA1Rv8HemMCURHwRkMp2D7cq6nNquefjosu6UB54IzkD0MLK3YY383poLRShiApouOxRse2OKK25dbQw=="],

    "@atproto/common-web": ["@atproto/common-web@0.4.21", "", { "dependencies": { "@atproto/lex-data": "^0.0.15", "@atproto/lex-json": "^0.0.16", "@atproto/syntax": "^0.5.4", "zod": "^3.23.8" } }, "sha512-Odq+wdk3YNasGCjjlpl3bCIPvqYHige5DLfMkIffNv/2PI/iIj5ZvAvMvJlJ59OhReKSxtpI0invx5UQPc3+fw=="],

    "@atproto/did": ["@atproto/did@0.3.0", "", { "dependencies": { "zod": "^3.23.8" } }, "sha512-raUPzUGegtW/6OxwCmM8bhZvuIMzxG5t9oWsth6Tp91Kb5fTnHV2h/KKNF1C82doeA4BdXCErTyg7ISwLbQkzA=="],

    "@atproto/jwk": ["@atproto/jwk@0.6.0", "", { "dependencies": { "multiformats": "^9.9.0", "zod": "^3.23.8" } }, "sha512-bDoJPvt7TrQVi/rBfBrSSpGykhtIriKxeYCYQTiPRKFfyRhbgpElF0wPXADjIswnbzZdOwbY63az4E/CFVT3Tw=="],

    "@atproto/jwk-jose": ["@atproto/jwk-jose@0.1.11", "", { "dependencies": { "@atproto/jwk": "0.6.0", "jose": "^5.2.0" } }, "sha512-i4Fnr2sTBYmMmHXl7NJh8GrCH+tDQEVWrcDMDnV5DjJfkgT17wIqvojIw9SNbSL4Uf0OtfEv6AgG0A+mgh8b5Q=="],

    "@atproto/jwk-webcrypto": ["@atproto/jwk-webcrypto@0.2.0", "", { "dependencies": { "@atproto/jwk": "0.6.0", "@atproto/jwk-jose": "0.1.11", "zod": "^3.23.8" } }, "sha512-UmgRrrEAkWvxwhlwe30UmDOdTEFidlIzBC7C3cCbeJMcBN1x8B3KH+crXrsTqfWQBG58mXgt8wgSK3Kxs2LhFg=="],

    "@atproto/lex-data": ["@atproto/lex-data@0.0.15", "", { "dependencies": { "multiformats": "^9.9.0", "tslib": "^2.8.1", "uint8arrays": "3.0.0", "unicode-segmenter": "^0.14.0" } }, "sha512-ZsbGiaM5S3CnGrcTMbDGON3bLZzCi/Mx9UvcMREKSRujnF68eHgMiXxJqvykP7+QpOX6tYCK93axZkuJVhtSEw=="],

    "@atproto/lex-json": ["@atproto/lex-json@0.0.16", "", { "dependencies": { "@atproto/lex-data": "^0.0.15", "tslib": "^2.8.1" } }, "sha512-IgLgQ0krshVlrIYZ+heTBDbCnM3LmAgWvsaYn5MxvKA3LcBot3PG3ptdO8VOweVZ+WgCLuo39cz9EbUmIbqdtg=="],

    "@atproto/lexicon": ["@atproto/lexicon@0.6.2", "", { "dependencies": { "@atproto/common-web": "^0.4.18", "@atproto/syntax": "^0.5.0", "iso-datestring-validator": "^2.2.2", "multiformats": "^9.9.0", "zod": "^3.23.8" } }, "sha512-p3Ly6hinVZW0ETuAXZMeUGwuMm3g8HvQMQ41yyEE6AL0hAkfeKFaZKos6BdBrr6CjkpbrDZqE8M+5+QOceysMw=="],

    "@atproto/oauth-client": ["@atproto/oauth-client@0.6.0", "", { "dependencies": { "@atproto-labs/did-resolver": "^0.2.6", "@atproto-labs/fetch": "^0.2.3", "@atproto-labs/handle-resolver": "^0.3.6", "@atproto-labs/identity-resolver": "^0.3.6", "@atproto-labs/simple-store": "^0.3.0", "@atproto-labs/simple-store-memory": "^0.1.4", "@atproto/did": "^0.3.0", "@atproto/jwk": "^0.6.0", "@atproto/oauth-types": "^0.6.3", "@atproto/xrpc": "^0.7.7", "core-js": "^3", "multiformats": "^9.9.0", "zod": "^3.23.8" } }, "sha512-F7ZTKzFptXgyihMkd7QTdRSkrh4XqrS+qTw+V81k5Q6Bh3MB1L3ypvfSJ6v7SSUJa6XxoZYJTCahHC1e+ndE6Q=="],

    "@atproto/oauth-client-node": ["@atproto/oauth-client-node@0.3.17", "", { "dependencies": { "@atproto-labs/did-resolver": "^0.2.6", "@atproto-labs/handle-resolver-node": "^0.1.25", "@atproto-labs/simple-store": "^0.3.0", "@atproto/did": "^0.3.0", "@atproto/jwk": "^0.6.0", "@atproto/jwk-jose": "^0.1.11", "@atproto/jwk-webcrypto": "^0.2.0", "@atproto/oauth-client": "^0.6.0", "@atproto/oauth-types": "^0.6.3" } }, "sha512-67LNuKAlC35Exe7CB5S0QCAnEqr6fKV9Nvp64jAHFof1N+Vc9Ltt1K9oekE5Ctf7dvpGByrHRF0noUw9l9sWLA=="],

    "@atproto/oauth-types": ["@atproto/oauth-types@0.6.3", "", { "dependencies": { "@atproto/did": "^0.3.0", "@atproto/jwk": "^0.6.0", "zod": "^3.23.8" } }, "sha512-jdKuoPknJuh/WjI+mYk7agSbx9mNVMbS6Dr3k1z2YMY2oRiCQjxYBuo4MLKATbxj05nMQaZRWlHRUazoAu5Cng=="],

    "@atproto/syntax": ["@atproto/syntax@0.5.4", "", { "dependencies": { "tslib": "^2.8.1" } }, "sha512-9XJOpMAgsGFxMEIp8nJ8AIWv+krrY1xQMj+wULbbXhQztQV+9aZ0TbG9Jtn3Op2or8Kr6OqyWR4ga9Z189kKDw=="],

    "@atproto/xrpc": ["@atproto/xrpc@0.7.7", "", { "dependencies": { "@atproto/lexicon": "^0.6.0", "zod": "^3.23.8" } }, "sha512-K1ZyO/BU8JNtXX5dmPp7b5UrkLMMqpsIa/Lrj5D3Su+j1Xwq1m6QJ2XJ1AgjEjkI1v4Muzm7klianLE6XGxtmA=="],

    "@emnapi/runtime": ["@emnapi/runtime@1.10.0", "", { "dependencies": { "tslib": "^2.4.0" } }, "sha512-ewvYlk86xUoGI0zQRNq/mC+16R1QeDlKQy21Ki3oSYXNgLb45GV1P6A0M+/s6nyCuNDqe5VpaY84BzXGwVbwFA=="],

    "@img/colour": ["@img/colour@1.1.0", "", {}, "sha512-Td76q7j57o/tLVdgS746cYARfSyxk8iEfRxewL9h4OMzYhbW4TAcppl0mT4eyqXddh6L/jwoM75mo7ixa/pCeQ=="],

    "@img/sharp-darwin-arm64": ["@img/sharp-darwin-arm64@0.34.5", "", { "optionalDependencies": { "@img/sharp-libvips-darwin-arm64": "1.2.4" }, "os": "darwin", "cpu": "arm64" }, "sha512-imtQ3WMJXbMY4fxb/Ndp6HBTNVtWCUI0WdobyheGf5+ad6xX8VIDO8u2xE4qc/fr08CKG/7dDseFtn6M6g/r3w=="],

    "@img/sharp-darwin-x64": ["@img/sharp-darwin-x64@0.34.5", "", { "optionalDependencies": { "@img/sharp-libvips-darwin-x64": "1.2.4" }, "os": "darwin", "cpu": "x64" }, "sha512-YNEFAF/4KQ/PeW0N+r+aVVsoIY0/qxxikF2SWdp+NRkmMB7y9LBZAVqQ4yhGCm/H3H270OSykqmQMKLBhBJDEw=="],

    "@img/sharp-libvips-darwin-arm64": ["@img/sharp-libvips-darwin-arm64@1.2.4", "", { "os": "darwin", "cpu": "arm64" }, "sha512-zqjjo7RatFfFoP0MkQ51jfuFZBnVE2pRiaydKJ1G/rHZvnsrHAOcQALIi9sA5co5xenQdTugCvtb1cuf78Vf4g=="],

    "@img/sharp-libvips-darwin-x64": ["@img/sharp-libvips-darwin-x64@1.2.4", "", { "os": "darwin", "cpu": "x64" }, "sha512-1IOd5xfVhlGwX+zXv2N93k0yMONvUlANylbJw1eTah8K/Jtpi15KC+WSiaX/nBmbm2HxRM1gZ0nSdjSsrZbGKg=="],

    "@img/sharp-libvips-linux-arm": ["@img/sharp-libvips-linux-arm@1.2.4", "", { "os": "linux", "cpu": "arm" }, "sha512-bFI7xcKFELdiNCVov8e44Ia4u2byA+l3XtsAj+Q8tfCwO6BQ8iDojYdvoPMqsKDkuoOo+X6HZA0s0q11ANMQ8A=="],

    "@img/sharp-libvips-linux-arm64": ["@img/sharp-libvips-linux-arm64@1.2.4", "", { "os": "linux", "cpu": "arm64" }, "sha512-excjX8DfsIcJ10x1Kzr4RcWe1edC9PquDRRPx3YVCvQv+U5p7Yin2s32ftzikXojb1PIFc/9Mt28/y+iRklkrw=="],

    "@img/sharp-libvips-linux-ppc64": ["@img/sharp-libvips-linux-ppc64@1.2.4", "", { "os": "linux", "cpu": "ppc64" }, "sha512-FMuvGijLDYG6lW+b/UvyilUWu5Ayu+3r2d1S8notiGCIyYU/76eig1UfMmkZ7vwgOrzKzlQbFSuQfgm7GYUPpA=="],

    "@img/sharp-libvips-linux-riscv64": ["@img/sharp-libvips-linux-riscv64@1.2.4", "", { "os": "linux", "cpu": "none" }, "sha512-oVDbcR4zUC0ce82teubSm+x6ETixtKZBh/qbREIOcI3cULzDyb18Sr/Wcyx7NRQeQzOiHTNbZFF1UwPS2scyGA=="],

    "@img/sharp-libvips-linux-s390x": ["@img/sharp-libvips-linux-s390x@1.2.4", "", { "os": "linux", "cpu": "s390x" }, "sha512-qmp9VrzgPgMoGZyPvrQHqk02uyjA0/QrTO26Tqk6l4ZV0MPWIW6LTkqOIov+J1yEu7MbFQaDpwdwJKhbJvuRxQ=="],

    "@img/sharp-libvips-linux-x64": ["@img/sharp-libvips-linux-x64@1.2.4", "", { "os": "linux", "cpu": "x64" }, "sha512-tJxiiLsmHc9Ax1bz3oaOYBURTXGIRDODBqhveVHonrHJ9/+k89qbLl0bcJns+e4t4rvaNBxaEZsFtSfAdquPrw=="],

    "@img/sharp-libvips-linuxmusl-arm64": ["@img/sharp-libvips-linuxmusl-arm64@1.2.4", "", { "os": "linux", "cpu": "arm64" }, "sha512-FVQHuwx1IIuNow9QAbYUzJ+En8KcVm9Lk5+uGUQJHaZmMECZmOlix9HnH7n1TRkXMS0pGxIJokIVB9SuqZGGXw=="],

    "@img/sharp-libvips-linuxmusl-x64": ["@img/sharp-libvips-linuxmusl-x64@1.2.4", "", { "os": "linux", "cpu": "x64" }, "sha512-+LpyBk7L44ZIXwz/VYfglaX/okxezESc6UxDSoyo2Ks6Jxc4Y7sGjpgU9s4PMgqgjj1gZCylTieNamqA1MF7Dg=="],

    "@img/sharp-linux-arm": ["@img/sharp-linux-arm@0.34.5", "", { "optionalDependencies": { "@img/sharp-libvips-linux-arm": "1.2.4" }, "os": "linux", "cpu": "arm" }, "sha512-9dLqsvwtg1uuXBGZKsxem9595+ujv0sJ6Vi8wcTANSFpwV/GONat5eCkzQo/1O6zRIkh0m/8+5BjrRr7jDUSZw=="],

    "@img/sharp-linux-arm64": ["@img/sharp-linux-arm64@0.34.5", "", { "optionalDependencies": { "@img/sharp-libvips-linux-arm64": "1.2.4" }, "os": "linux", "cpu": "arm64" }, "sha512-bKQzaJRY/bkPOXyKx5EVup7qkaojECG6NLYswgktOZjaXecSAeCWiZwwiFf3/Y+O1HrauiE3FVsGxFg8c24rZg=="],

    "@img/sharp-linux-ppc64": ["@img/sharp-linux-ppc64@0.34.5", "", { "optionalDependencies": { "@img/sharp-libvips-linux-ppc64": "1.2.4" }, "os": "linux", "cpu": "ppc64" }, "sha512-7zznwNaqW6YtsfrGGDA6BRkISKAAE1Jo0QdpNYXNMHu2+0dTrPflTLNkpc8l7MUP5M16ZJcUvysVWWrMefZquA=="],

    "@img/sharp-linux-riscv64": ["@img/sharp-linux-riscv64@0.34.5", "", { "optionalDependencies": { "@img/sharp-libvips-linux-riscv64": "1.2.4" }, "os": "linux", "cpu": "none" }, "sha512-51gJuLPTKa7piYPaVs8GmByo7/U7/7TZOq+cnXJIHZKavIRHAP77e3N2HEl3dgiqdD/w0yUfiJnII77PuDDFdw=="],

    "@img/sharp-linux-s390x": ["@img/sharp-linux-s390x@0.34.5", "", { "optionalDependencies": { "@img/sharp-libvips-linux-s390x": "1.2.4" }, "os": "linux", "cpu": "s390x" }, "sha512-nQtCk0PdKfho3eC5MrbQoigJ2gd1CgddUMkabUj+rBevs8tZ2cULOx46E7oyX+04WGfABgIwmMC0VqieTiR4jg=="],

    "@img/sharp-linux-x64": ["@img/sharp-linux-x64@0.34.5", "", { "optionalDependencies": { "@img/sharp-libvips-linux-x64": "1.2.4" }, "os": "linux", "cpu": "x64" }, "sha512-MEzd8HPKxVxVenwAa+JRPwEC7QFjoPWuS5NZnBt6B3pu7EG2Ge0id1oLHZpPJdn3OQK+BQDiw9zStiHBTJQQQQ=="],

    "@img/sharp-linuxmusl-arm64": ["@img/sharp-linuxmusl-arm64@0.34.5", "", { "optionalDependencies": { "@img/sharp-libvips-linuxmusl-arm64": "1.2.4" }, "os": "linux", "cpu": "arm64" }, "sha512-fprJR6GtRsMt6Kyfq44IsChVZeGN97gTD331weR1ex1c1rypDEABN6Tm2xa1wE6lYb5DdEnk03NZPqA7Id21yg=="],

    "@img/sharp-linuxmusl-x64": ["@img/sharp-linuxmusl-x64@0.34.5", "", { "optionalDependencies": { "@img/sharp-libvips-linuxmusl-x64": "1.2.4" }, "os": "linux", "cpu": "x64" }, "sha512-Jg8wNT1MUzIvhBFxViqrEhWDGzqymo3sV7z7ZsaWbZNDLXRJZoRGrjulp60YYtV4wfY8VIKcWidjojlLcWrd8Q=="],

    "@img/sharp-wasm32": ["@img/sharp-wasm32@0.34.5", "", { "dependencies": { "@emnapi/runtime": "^1.7.0" }, "cpu": "none" }, "sha512-OdWTEiVkY2PHwqkbBI8frFxQQFekHaSSkUIJkwzclWZe64O1X4UlUjqqqLaPbUpMOQk6FBu/HtlGXNblIs0huw=="],

    "@img/sharp-win32-arm64": ["@img/sharp-win32-arm64@0.34.5", "", { "os": "win32", "cpu": "arm64" }, "sha512-WQ3AgWCWYSb2yt+IG8mnC6Jdk9Whs7O0gxphblsLvdhSpSTtmu69ZG1Gkb6NuvxsNACwiPV6cNSZNzt0KPsw7g=="],

    "@img/sharp-win32-ia32": ["@img/sharp-win32-ia32@0.34.5", "", { "os": "win32", "cpu": "ia32" }, "sha512-FV9m/7NmeCmSHDD5j4+4pNI8Cp3aW+JvLoXcTUo0IqyjSfAZJ8dIUmijx1qaJsIiU+Hosw6xM5KijAWRJCSgNg=="],

    "@img/sharp-win32-x64": ["@img/sharp-win32-x64@0.34.5", "", { "os": "win32", "cpu": "x64" }, "sha512-+29YMsqY2/9eFEiW93eqWnuLcWcufowXewwSNIT6UwZdUUCrM3oFjMWH/Z6/TMmb4hlFenmfAVbpWeup2jryCw=="],

    "@types/bun": ["@types/bun@1.3.12", "", { "dependencies": { "bun-types": "1.3.12" } }, "sha512-DBv81elK+/VSwXHDlnH3Qduw+KxkTIWi7TXkAeh24zpi5l0B2kUg9Ga3tb4nJaPcOFswflgi/yAvMVBPrxMB+A=="],

    "@types/node": ["@types/node@25.6.0", "", { "dependencies": { "undici-types": "~7.19.0" } }, "sha512-+qIYRKdNYJwY3vRCZMdJbPLJAtGjQBudzZzdzwQYkEPQd+PJGixUL5QfvCLDaULoLv+RhT3LDkwEfKaAkgSmNQ=="],

    "await-lock": ["await-lock@2.2.2", "", {}, "sha512-aDczADvlvTGajTDjcjpJMqRkOF6Qdz3YbPZm/PyW6tKPkx2hlYBzxMhEywM/tU72HrVZjgl5VCdRuMlA7pZ8Gw=="],

    "bun-types": ["bun-types@1.3.12", "", { "dependencies": { "@types/node": "*" } }, "sha512-HqOLj5PoFajAQciOMRiIZGNoKxDJSr6qigAttOX40vJuSp6DN/CxWp9s3C1Xwm4oH7ybueITwiaOcWXoYVoRkA=="],

    "core-js": ["core-js@3.49.0", "", {}, "sha512-es1U2+YTtzpwkxVLwAFdSpaIMyQaq0PBgm3YD1W3Qpsn1NAmO3KSgZfu+oGSWVu6NvLHoHCV/aYcsE5wiB7ALg=="],

    "detect-libc": ["detect-libc@2.1.2", "", {}, "sha512-Btj2BOOO83o3WyH59e8MgXsxEQVcarkUOpEYrubB0urwnN10yQ364rsiByU11nZlqWYZm05i/of7io4mzihBtQ=="],

    "exifr": ["exifr@7.1.3", "", {}, "sha512-g/aje2noHivrRSLbAUtBPWFbxKdKhgj/xr1vATDdUXPOFYJlQ62Ft0oy+72V6XLIpDJfHs6gXLbBLAolqOXYRw=="],

    "image-size": ["image-size@1.2.1", "", { "dependencies": { "queue": "6.0.2" }, "bin": { "image-size": "bin/image-size.js" } }, "sha512-rH+46sQJ2dlwfjfhCyNx5thzrv+dtmBIhPHk0zgRUukHzZ/kRueTJXoYYsclBaKcSMBWuGbOFXtioLpzTb5euw=="],

    "inherits": ["inherits@2.0.4", "", {}, "sha512-k/vGaX4/Yla3WzyMCvTQOXYeIHvqOKtnqBduzTHpzpQZzAskKMhZ2K+EnBiSM9zGSoIFeMpXKxa4dYeZIQqewQ=="],

    "ipaddr.js": ["ipaddr.js@2.3.0", "", {}, "sha512-Zv/pA+ciVFbCSBBjGfaKUya/CcGmUHzTydLMaTwrUUEM2DIEO3iZvueGxmacvmN50fGpGVKeTXpb2LcYQxeVdg=="],

    "iso-datestring-validator": ["iso-datestring-validator@2.2.2", "", {}, "sha512-yLEMkBbLZTlVQqOnQ4FiMujR6T4DEcCb1xizmvXS+OxuhwcbtynoosRzdMA69zZCShCNAbi+gJ71FxZBBXx1SA=="],

    "jose": ["jose@5.10.0", "", {}, "sha512-s+3Al/p9g32Iq+oqXxkW//7jk2Vig6FF1CFqzVXoTUXt2qz89YWbL+OwS17NFYEvxC35n0FKeGO2LGYSxeM2Gg=="],

    "lru-cache": ["lru-cache@10.4.3", "", {}, "sha512-JNAzZcXrCt42VGLuYz0zfAzDfAvJWW6AfYlDBQyDV5DClI2m5sAmK+OIO7s59XfsRsWHp02jAJrRadPRGTt6SQ=="],

    "multiformats": ["multiformats@9.9.0", "", {}, "sha512-HoMUjhH9T8DDBNT+6xzkrd9ga/XiBI4xLr58LJACwK6G3HTOPeMz4nB4KJs33L2BelrIJa7P0VuNaVF3hMYfjg=="],

    "queue": ["queue@6.0.2", "", { "dependencies": { "inherits": "~2.0.3" } }, "sha512-iHZWu+q3IdFZFX36ro/lKBkSvfkztY5Y7HMiPlOUjhupPcG2JMfst2KKEpu5XndviX/3UhFbRngUPNKtgvtZiA=="],

    "semver": ["semver@7.7.4", "", { "bin": { "semver": "bin/semver.js" } }, "sha512-vFKC2IEtQnVhpT78h1Yp8wzwrf8CM+MzKMHGJZfBtzhZNycRFnXsHk6E5TxIkkMsgNS7mdX3AGB7x2QM2di4lA=="],

    "sharp": ["sharp@0.34.5", "", { "dependencies": { "@img/colour": "^1.0.0", "detect-libc": "^2.1.2", "semver": "^7.7.3" }, "optionalDependencies": { "@img/sharp-darwin-arm64": "0.34.5", "@img/sharp-darwin-x64": "0.34.5", "@img/sharp-libvips-darwin-arm64": "1.2.4", "@img/sharp-libvips-darwin-x64": "1.2.4", "@img/sharp-libvips-linux-arm": "1.2.4", "@img/sharp-libvips-linux-arm64": "1.2.4", "@img/sharp-libvips-linux-ppc64": "1.2.4", "@img/sharp-libvips-linux-riscv64": "1.2.4", "@img/sharp-libvips-linux-s390x": "1.2.4", "@img/sharp-libvips-linux-x64": "1.2.4", "@img/sharp-libvips-linuxmusl-arm64": "1.2.4", "@img/sharp-libvips-linuxmusl-x64": "1.2.4", "@img/sharp-linux-arm": "0.34.5", "@img/sharp-linux-arm64": "0.34.5", "@img/sharp-linux-ppc64": "0.34.5", "@img/sharp-linux-riscv64": "0.34.5", "@img/sharp-linux-s390x": "0.34.5", "@img/sharp-linux-x64": "0.34.5", "@img/sharp-linuxmusl-arm64": "0.34.5", "@img/sharp-linuxmusl-x64": "0.34.5", "@img/sharp-wasm32": "0.34.5", "@img/sharp-win32-arm64": "0.34.5", "@img/sharp-win32-ia32": "0.34.5", "@img/sharp-win32-x64": "0.34.5" } }, "sha512-Ou9I5Ft9WNcCbXrU9cMgPBcCK8LiwLqcbywW3t4oDV37n1pzpuNLsYiAV8eODnjbtQlSDwZ2cUEeQz4E54Hltg=="],

    "tlds": ["tlds@1.261.0", "", { "bin": { "tlds": "bin.js" } }, "sha512-QXqwfEl9ddlGBaRFXIvNKK6OhipSiLXuRuLJX5DErz0o0Q0rYxulWLdFryTkV5PkdZct5iMInwYEGe/eR++1AA=="],

    "tslib": ["tslib@2.8.1", "", {}, "sha512-oJFu94HQb+KVduSUQL7wnpmqnfmLsOA/nAh6b6EH0wCEoK0/mPeXU6c3wKDV83MkOuHPRHtSXKKU99IBazS/2w=="],

    "typescript": ["typescript@5.9.3", "", { "bin": { "tsc": "bin/tsc", "tsserver": "bin/tsserver" } }, "sha512-jl1vZzPDinLr9eUt3J/t7V6FgNEw9QjvBPdysz9KfQDD41fQrC2Y4vKQdiaUpFT4bXlb1RHhLpp8wtm6M5TgSw=="],

    "uint8arrays": ["uint8arrays@3.0.0", "", { "dependencies": { "multiformats": "^9.4.2" } }, "sha512-HRCx0q6O9Bfbp+HHSfQQKD7wU70+lydKVt4EghkdOvlK/NlrF90z+eXV34mUd48rNvVJXwkrMSPpCATkct8fJA=="],

    "undici": ["undici@6.25.0", "", {}, "sha512-ZgpWDC5gmNiuY9CnLVXEH8rl50xhRCuLNA97fAUnKi8RRuV4E6KG31pDTsLVUKnohJE0I3XDrTeEydAXRw47xg=="],

    "undici-types": ["undici-types@7.19.2", "", {}, "sha512-qYVnV5OEm2AW8cJMCpdV20CDyaN3g0AjDlOGf1OW4iaDEx8MwdtChUp4zu4H0VP3nDRF/8RKWH+IPp9uW0YGZg=="],

    "unicode-segmenter": ["unicode-segmenter@0.14.5", "", {}, "sha512-jHGmj2LUuqDcX3hqY12Ql+uhUTn8huuxNZGq7GvtF6bSybzH3aFgedYu/KTzQStEgt1Ra2F3HxadNXsNjb3m3g=="],

    "zod": ["zod@3.25.76", "", {}, "sha512-gzUt/qt81nXsFGKIFcC3YnfEAx5NkunCfnDlvuBSSFS02bcXu4Lmea0AFIUwbLWxWPx3d9p8S5QoaujKcNQxcQ=="],
  }
}
